<?xml version="1.0" encoding="utf-8"?>
<Project ToolsVersion="4.0" xmlns="http://schemas.microsoft.com/developer/msbuild/2003">
  <ItemGroup>
    <Filter Include="资源文件">
      <UniqueIdentifier>{67DA6AB6-F800-4c08-8B7A-83BB121AAD01}</UniqueIdentifier>
      <Extensions>rc;ico;cur;bmp;dlg;rc2;rct;bin;rgs;gif;jpg;jpeg;jpe;resx;tiff;tif;png;wav;mfcribbon-ms</Extensions>
    </Filter>
    <Filter Include="Else">
      <UniqueIdentifier>{51d45707-033e-4c53-ba98-fd2bebfd5946}</UniqueIdentifier>
    </Filter>
    <Filter Include="DATA_and_Dlg">
      <UniqueIdentifier>{c58dd5bc-1bcd-4358-b71f-b50048a9dccb}</UniqueIdentifier>
    </Filter>
    <Filter Include="DATA_and_Dlg\Course">
      <UniqueIdentifier>{2ebcf49d-e681-4c28-8a12-0801f9e25171}</UniqueIdentifier>
    </Filter>
    <Filter Include="DATA_and_Dlg\Student">
      <UniqueIdentifier>{3a9db40a-0999-4e45-a8cf-2cd4ce2327a0}</UniqueIdentifier>
    </Filter>
    <Filter Include="DATA_and_Dlg\Grade">
      <UniqueIdentifier>{7a13c548-04ff-4bc9-b980-ec6e3f4201db}</UniqueIdentifier>
    </Filter>
    <Filter Include="DATA_and_Dlg\Choice">
      <UniqueIdentifier>{1cd39d9a-bccf-4df6-8938-11d81268df48}</UniqueIdentifier>
    </Filter>
    <Filter Include="MainDlg">
      <UniqueIdentifier>{9e6422fe-c1cd-450c-8b49-4e0da1f5f06f}</UniqueIdentifier>
    </Filter>
    <Filter Include="init">
      <UniqueIdentifier>{4FC737F1-C7A5-4376-A066-2A32D752A2FF}</UniqueIdentifier>
      <Extensions>cpp;c;cc;cxx;def;odl;idl;hpj;bat;asm;asmx</Extensions>
    </Filter>
  </ItemGroup>
  <ItemGroup>
    <ClInclude Include="stdafx.h">
      <Filter>Else</Filter>
    </ClInclude>
    <ClInclude Include="Resource.h">
      <Filter>Else</Filter>
    </ClInclude>
    <ClInclude Include="targetver.h">
      <Filter>Else</Filter>
    </ClInclude>
    <ClInclude Include="StudentInfo.h">
      <Filter>init</Filter>
    </ClInclude>
    <ClInclude Include="CStudent.h">
      <Filter>DATA_and_Dlg\Student</Filter>
    </ClInclude>
    <ClInclude Include="Course.h">
      <Filter>DATA_and_Dlg\Course</Filter>
    </ClInclude>
    <ClInclude Include="CCourseDlg.h">
      <Filter>DATA_and_Dlg\Course</Filter>
    </ClInclude>
    <ClInclude Include="CStudentDlg.h">
      <Filter>DATA_and_Dlg\Student</Filter>
    </ClInclude>
    <ClInclude Include="CGradeDlg.h">
      <Filter>DATA_and_Dlg\Grade</Filter>
    </ClInclude>
    <ClInclude Include="CSCChoiceDlg.h">
      <Filter>DATA_and_Dlg\Choice</Filter>
    </ClInclude>
    <ClInclude Include="StudentInfoDlg.h">
      <Filter>MainDlg</Filter>
    </ClInclude>
    <ClInclude Include="Choice.h">
      <Filter>DATA_and_Dlg\Choice</Filter>
    </ClInclude>
    <ClInclude Include="Grade.h">
      <Filter>DATA_and_Dlg\Grade</Filter>
    </ClInclude>
  </ItemGroup>
  <ItemGroup>
    <ClCompile Include="StudentInfo.cpp">
      <Filter>init</Filter>
    </ClCompile>
    <ClCompile Include="stdafx.cpp">
      <Filter>Else</Filter>
    </ClCompile>
    <ClCompile Include="CStudent.cpp">
      <Filter>DATA_and_Dlg\Student</Filter>
    </ClCompile>
    <ClCompile Include="Course.cpp">
      <Filter>DATA_and_Dlg\Course</Filter>
    </ClCompile>
    <ClCompile Include="CCourseDlg.cpp">
      <Filter>DATA_and_Dlg\Course</Filter>
    </ClCompile>
    <ClCompile Include="CStudentDlg.cpp">
      <Filter>DATA_and_Dlg\Student</Filter>
    </ClCompile>
    <ClCompile Include="CGradeDlg.cpp">
      <Filter>DATA_and_Dlg\Grade</Filter>
    </ClCompile>
    <ClCompile Include="CSCChoiceDlg.cpp">
      <Filter>DATA_and_Dlg\Choice</Filter>
    </ClCompile>
    <ClCompile Include="StudentInfoDlg.cpp">
      <Filter>MainDlg</Filter>
    </ClCompile>
    <ClCompile Include="Choice.cpp">
      <Filter>DATA_and_Dlg\Choice</Filter>
    </ClCompile>
    <ClCompile Include="Grade.cpp">
      <Filter>DATA_and_Dlg\Grade</Filter>
    </ClCompile>
  </ItemGroup>
  <ItemGroup>
    <ResourceCompile Include="StudentInfo.rc">
      <Filter>资源文件</Filter>
    </ResourceCompile>
  </ItemGroup>
  <ItemGroup>
    <None Include="res\StudentInfo.rc2">
      <Filter>资源文件</Filter>
    </None>
  </ItemGroup>
  <ItemGroup>
    <Image Include="res\StudentInfo.ico">
      <Filter>资源文件</Filter>
    </Image>
    <Image Include="res\bupt.ico">
      <Filter>资源文件</Filter>
    </Image>
  </ItemGroup>
</Project>